
Microsoft Visual Studio Solution File, Format Version 12.00
# Visual Studio Version 17
VisualStudioVersion = 17.9.34607.119
MinimumVisualStudioVersion = 10.0.40219.1
Project("{FAE04EC0-301F-11D3-BF4B-00C04F79EFBC}") = "Lab4", "Lab4\Lab4.csproj", "{44FBC241-1A1A-4F72-BD70-757C1E101352}"
EndProject
Global
	GlobalSection(SolutionConfigurationPlatforms) = preSolution
		Debug|Any CPU = Debug|Any CPU
		Release|Any CPU = Release|Any CPU
	EndGlobalSection
	GlobalSection(ProjectConfigurationPlatforms) = postSolution
		{44FBC241-1A1A-4F72-BD70-757C1E101352}.Debug|Any CPU.ActiveCfg = Debug|Any CPU
		{44FBC241-1A1A-4F72-BD70-757C1E101352}.Debug|Any CPU.Build.0 = Debug|Any CPU
		{44FBC241-1A1A-4F72-BD70-757C1E101352}.Release|Any CPU.ActiveCfg = Release|Any CPU
		{44FBC241-1A1A-4F72-BD70-757C1E101352}.Release|Any CPU.Build.0 = Release|Any CPU
	EndGlobalSection
	GlobalSection(SolutionProperties) = preSolution
		HideSolutionNode = FALSE
	EndGlobalSection
	GlobalSection(ExtensibilityGlobals) = postSolution
		SolutionGuid = {6051D0D3-4807-4C6C-8793-E151AC0A9D10}
	EndGlobalSection
EndGlobal
